
Microsoft Visual Studio Solution File, Format Version 12.00
# Visual Studio Version 17
VisualStudioVersion = 17.7.34202.233
MinimumVisualStudioVersion = 10.0.40219.1
Project("{FAE04EC0-301F-11D3-BF4B-00C04F79EFBC}") = "DZ_3", "DZ_3\DZ_3.csproj", "{D29BF7D2-097C-434E-80F4-61E2132B5BA6}"
EndProject
Global
	GlobalSection(SolutionConfigurationPlatforms) = preSolution
		Debug|Any CPU = Debug|Any CPU
		Release|Any CPU = Release|Any CPU
	EndGlobalSection
	GlobalSection(ProjectConfigurationPlatforms) = postSolution
		{D29BF7D2-097C-434E-80F4-61E2132B5BA6}.Debug|Any CPU.ActiveCfg = Debug|Any CPU
		{D29BF7D2-097C-434E-80F4-61E2132B5BA6}.Debug|Any CPU.Build.0 = Debug|Any CPU
		{D29BF7D2-097C-434E-80F4-61E2132B5BA6}.Release|Any CPU.ActiveCfg = Release|Any CPU
		{D29BF7D2-097C-434E-80F4-61E2132B5BA6}.Release|Any CPU.Build.0 = Release|Any CPU
	EndGlobalSection
	GlobalSection(SolutionProperties) = preSolution
		HideSolutionNode = FALSE
	EndGlobalSection
	GlobalSection(ExtensibilityGlobals) = postSolution
		SolutionGuid = {D2F589AE-7555-420A-8BB9-198082C2CC28}
	EndGlobalSection
EndGlobal
